// !$*UTF8*$!
{
	archiveVersion = 1;
	classes = {
	};
	objectVersion = 46;
	objects = {

/* Begin PBXBuildFile section */
		DE4253AF1900C50F00B8B746 /* Foundation.framework in Frameworks */ = {isa = PBXBuildFile; fileRef = DE4253AE1900C50F00B8B746 /* Foundation.framework */; };
		DE4253B11900C50F00B8B746 /* CoreGraphics.framework in Frameworks */ = {isa = PBXBuildFile; fileRef = DE4253B01900C50F00B8B746 /* CoreGraphics.framework */; };
		DE4253B31900C50F00B8B746 /* UIKit.framework in Frameworks */ = {isa = PBXBuildFile; fileRef = DE4253B21900C50F00B8B746 /* UIKit.framework */; };
		DE4253B91900C50F00B8B746 /* InfoPlist.strings in Resources */ = {isa = PBXBuildFile; fileRef = DE4253B71900C50F00B8B746 /* InfoPlist.strings */; };
		DE4253BB1900C50F00B8B746 /* main.m in Sources */ = {isa = PBXBuildFile; fileRef = DE4253BA1900C50F00B8B746 /* main.m */; };
		DE4253BF1900C50F00B8B746 /* AppDelegate.m in Sources */ = {isa = PBXBuildFile; fileRef = DE4253BE1900C50F00B8B746 /* AppDelegate.m */; };
		DE4253C21900C50F00B8B746 /* Main_iPhone.storyboard in Resources */ = {isa = PBXBuildFile; fileRef = DE4253C01900C50F00B8B746 /* Main_iPhone.storyboard */; };
		DE4253C51900C50F00B8B746 /* Main_iPad.storyboard in Resources */ = {isa = PBXBuildFile; fileRef = DE4253C31900C50F00B8B746 /* Main_iPad.storyboard */; };
		DE4253C81900C50F00B8B746 /* ViewController.m in Sources */ = {isa = PBXBuildFile; fileRef = DE4253C71900C50F00B8B746 /* ViewController.m */; };
		DE4253CA1900C50F00B8B746 /* Images.xcassets in Resources */ = {isa = PBXBuildFile; fileRef = DE4253C91900C50F00B8B746 /* Images.xcassets */; };
		DE4253D11900C50F00B8B746 /* XCTest.framework in Frameworks */ = {isa = PBXBuildFile; fileRef = DE4253D01900C50F00B8B746 /* XCTest.framework */; };
		DE4253D21900C50F00B8B746 /* Foundation.framework in Frameworks */ = {isa = PBXBuildFile; fileRef = DE4253AE1900C50F00B8B746 /* Foundation.framework */; };
		DE4253D31900C50F00B8B746 /* UIKit.framework in Frameworks */ = {isa = PBXBuildFile; fileRef = DE4253B21900C50F00B8B746 /* UIKit.framework */; };
		DE4253DB1900C50F00B8B746 /* InfoPlist.strings in Resources */ = {isa = PBXBuildFile; fileRef = DE4253D91900C50F00B8B746 /* InfoPlist.strings */; };
		DEB375221901A92300E4A298 /* BSStoryboardViewControllerLoader.m in Sources */ = {isa = PBXBuildFile; fileRef = DEB375211901A92300E4A298 /* BSStoryboardViewControllerLoader.m */; };
		DEB556A71901A4C000F848E3 /* StoryboardViewControllerTests.m in Sources */ = {isa = PBXBuildFile; fileRef = DEB556A61901A4C000F848E3 /* StoryboardViewControllerTests.m */; };
		DEEB50BB1900EB400020EE87 /* Flickr.m in Sources */ = {isa = PBXBuildFile; fileRef = DEEB50B81900EB400020EE87 /* Flickr.m */; };
		DEEB50BC1900EB400020EE87 /* Flickr.m in Sources */ = {isa = PBXBuildFile; fileRef = DEEB50B81900EB400020EE87 /* Flickr.m */; };
		DEEB50BD1900EB400020EE87 /* FlickrPhoto.m in Sources */ = {isa = PBXBuildFile; fileRef = DEEB50BA1900EB400020EE87 /* FlickrPhoto.m */; };
		DEEB50BE1900EB400020EE87 /* FlickrPhoto.m in Sources */ = {isa = PBXBuildFile; fileRef = DEEB50BA1900EB400020EE87 /* FlickrPhoto.m */; };
		DEED2C451901B78400C6264C /* ViewController.m in Sources */ = {isa = PBXBuildFile; fileRef = DE4253C71900C50F00B8B746 /* ViewController.m */; };
		DEED2C461901B7BB00C6264C /* AppDelegate.m in Sources */ = {isa = PBXBuildFile; fileRef = DE4253BE1900C50F00B8B746 /* AppDelegate.m */; };
/* End PBXBuildFile section */

/* Begin PBXContainerItemProxy section */
		DE4253D41900C50F00B8B746 /* PBXContainerItemProxy */ = {
			isa = PBXContainerItemProxy;
			containerPortal = DE4253A31900C50F00B8B746 /* Project object */;
			proxyType = 1;
			remoteGlobalIDString = DE4253AA1900C50F00B8B746;
			remoteInfo = FlickrSearch;
		};
/* End PBXContainerItemProxy section */

/* Begin PBXFileReference section */
		DE4253AB1900C50F00B8B746 /* FlickrSearch.app */ = {isa = PBXFileReference; explicitFileType = wrapper.application; includeInIndex = 0; path = FlickrSearch.app; sourceTree = BUILT_PRODUCTS_DIR; };
		DE4253AE1900C50F00B8B746 /* Foundation.framework */ = {isa = PBXFileReference; lastKnownFileType = wrapper.framework; name = Foundation.framework; path = System/Library/Frameworks/Foundation.framework; sourceTree = SDKROOT; };
		DE4253B01900C50F00B8B746 /* CoreGraphics.framework */ = {isa = PBXFileReference; lastKnownFileType = wrapper.framework; name = CoreGraphics.framework; path = System/Library/Frameworks/CoreGraphics.framework; sourceTree = SDKROOT; };
		DE4253B21900C50F00B8B746 /* UIKit.framework */ = {isa = PBXFileReference; lastKnownFileType = wrapper.framework; name = UIKit.framework; path = System/Library/Frameworks/UIKit.framework; sourceTree = SDKROOT; };
		DE4253B61900C50F00B8B746 /* FlickrSearch-Info.plist */ = {isa = PBXFileReference; lastKnownFileType = text.plist.xml; path = "FlickrSearch-Info.plist"; sourceTree = "<group>"; };
		DE4253B81900C50F00B8B746 /* en */ = {isa = PBXFileReference; lastKnownFileType = text.plist.strings; name = en; path = en.lproj/InfoPlist.strings; sourceTree = "<group>"; };
		DE4253BA1900C50F00B8B746 /* main.m */ = {isa = PBXFileReference; lastKnownFileType = sourcecode.c.objc; path = main.m; sourceTree = "<group>"; };
		DE4253BC1900C50F00B8B746 /* FlickrSearch-Prefix.pch */ = {isa = PBXFileReference; lastKnownFileType = sourcecode.c.h; path = "FlickrSearch-Prefix.pch"; sourceTree = "<group>"; };
		DE4253BD1900C50F00B8B746 /* AppDelegate.h */ = {isa = PBXFileReference; lastKnownFileType = sourcecode.c.h; path = AppDelegate.h; sourceTree = "<group>"; };
		DE4253BE1900C50F00B8B746 /* AppDelegate.m */ = {isa = PBXFileReference; lastKnownFileType = sourcecode.c.objc; path = AppDelegate.m; sourceTree = "<group>"; };
		DE4253C11900C50F00B8B746 /* Base */ = {isa = PBXFileReference; lastKnownFileType = file.storyboard; name = Base; path = Base.lproj/Main_iPhone.storyboard; sourceTree = "<group>"; };
		DE4253C41900C50F00B8B746 /* Base */ = {isa = PBXFileReference; lastKnownFileType = file.storyboard; name = Base; path = Base.lproj/Main_iPad.storyboard; sourceTree = "<group>"; };
		DE4253C61900C50F00B8B746 /* ViewController.h */ = {isa = PBXFileReference; lastKnownFileType = sourcecode.c.h; path = ViewController.h; sourceTree = "<group>"; };
		DE4253C71900C50F00B8B746 /* ViewController.m */ = {isa = PBXFileReference; lastKnownFileType = sourcecode.c.objc; path = ViewController.m; sourceTree = "<group>"; };
		DE4253C91900C50F00B8B746 /* Images.xcassets */ = {isa = PBXFileReference; lastKnownFileType = folder.assetcatalog; path = Images.xcassets; sourceTree = "<group>"; };
		DE4253CF1900C50F00B8B746 /* FlickrSearchTests.xctest */ = {isa = PBXFileReference; explicitFileType = wrapper.cfbundle; includeInIndex = 0; path = FlickrSearchTests.xctest; sourceTree = BUILT_PRODUCTS_DIR; };
		DE4253D01900C50F00B8B746 /* XCTest.framework */ = {isa = PBXFileReference; lastKnownFileType = wrapper.framework; name = XCTest.framework; path = Library/Frameworks/XCTest.framework; sourceTree = DEVELOPER_DIR; };
		DE4253D81900C50F00B8B746 /* FlickrSearchTests-Info.plist */ = {isa = PBXFileReference; lastKnownFileType = text.plist.xml; path = "FlickrSearchTests-Info.plist"; sourceTree = "<group>"; };
		DE4253DA1900C50F00B8B746 /* en */ = {isa = PBXFileReference; lastKnownFileType = text.plist.strings; name = en; path = en.lproj/InfoPlist.strings; sourceTree = "<group>"; };
		DEB375201901A92300E4A298 /* BSStoryboardViewControllerLoader.h */ = {isa = PBXFileReference; fileEncoding = 4; lastKnownFileType = sourcecode.c.h; path = BSStoryboardViewControllerLoader.h; sourceTree = "<group>"; };
		DEB375211901A92300E4A298 /* BSStoryboardViewControllerLoader.m */ = {isa = PBXFileReference; fileEncoding = 4; lastKnownFileType = sourcecode.c.objc; path = BSStoryboardViewControllerLoader.m; sourceTree = "<group>"; };
		DEB375231901ADD100E4A298 /* ViewControllerPrivate.h */ = {isa = PBXFileReference; lastKnownFileType = sourcecode.c.h; path = ViewControllerPrivate.h; sourceTree = "<group>"; };
		DEB556A61901A4C000F848E3 /* StoryboardViewControllerTests.m */ = {isa = PBXFileReference; fileEncoding = 4; lastKnownFileType = sourcecode.c.objc; path = StoryboardViewControllerTests.m; sourceTree = "<group>"; };
		DEEB50B71900EB400020EE87 /* Flickr.h */ = {isa = PBXFileReference; fileEncoding = 4; lastKnownFileType = sourcecode.c.h; path = Flickr.h; sourceTree = "<group>"; };
		DEEB50B81900EB400020EE87 /* Flickr.m */ = {isa = PBXFileReference; fileEncoding = 4; lastKnownFileType = sourcecode.c.objc; path = Flickr.m; sourceTree = "<group>"; };
		DEEB50B91900EB400020EE87 /* FlickrPhoto.h */ = {isa = PBXFileReference; fileEncoding = 4; lastKnownFileType = sourcecode.c.h; path = FlickrPhoto.h; sourceTree = "<group>"; };
		DEEB50BA1900EB400020EE87 /* FlickrPhoto.m */ = {isa = PBXFileReference; fileEncoding = 4; lastKnownFileType = sourcecode.c.objc; path = FlickrPhoto.m; sourceTree = "<group>"; };
/* End PBXFileReference section */

/* Begin PBXFrameworksBuildPhase section */
		DE4253A81900C50F00B8B746 /* Frameworks */ = {
			isa = PBXFrameworksBuildPhase;
			buildActionMask = 2147483647;
			files = (
				DE4253B11900C50F00B8B746 /* CoreGraphics.framework in Frameworks */,
				DE4253B31900C50F00B8B746 /* UIKit.framework in Frameworks */,
				DE4253AF1900C50F00B8B746 /* Foundation.framework in Frameworks */,
			);
			runOnlyForDeploymentPostprocessing = 0;
		};
		DE4253CC1900C50F00B8B746 /* Frameworks */ = {
			isa = PBXFrameworksBuildPhase;
			buildActionMask = 2147483647;
			files = (
				DE4253D11900C50F00B8B746 /* XCTest.framework in Frameworks */,
				DE4253D31900C50F00B8B746 /* UIKit.framework in Frameworks */,
				DE4253D21900C50F00B8B746 /* Foundation.framework in Frameworks */,
			);
			runOnlyForDeploymentPostprocessing = 0;
		};
/* End PBXFrameworksBuildPhase section */

/* Begin PBXGroup section */
		DE4253A21900C50F00B8B746 = {
			isa = PBXGroup;
			children = (
				DE4253B41900C50F00B8B746 /* FlickrSearch */,
				DE4253D61900C50F00B8B746 /* FlickrSearchTests */,
				DE4253AD1900C50F00B8B746 /* Frameworks */,
				DE4253AC1900C50F00B8B746 /* Products */,
			);
			sourceTree = "<group>";
		};
		DE4253AC1900C50F00B8B746 /* Products */ = {
			isa = PBXGroup;
			children = (
				DE4253AB1900C50F00B8B746 /* FlickrSearch.app */,
				DE4253CF1900C50F00B8B746 /* FlickrSearchTests.xctest */,
			);
			name = Products;
			sourceTree = "<group>";
		};
		DE4253AD1900C50F00B8B746 /* Frameworks */ = {
			isa = PBXGroup;
			children = (
				DE4253AE1900C50F00B8B746 /* Foundation.framework */,
				DE4253B01900C50F00B8B746 /* CoreGraphics.framework */,
				DE4253B21900C50F00B8B746 /* UIKit.framework */,
				DE4253D01900C50F00B8B746 /* XCTest.framework */,
			);
			name = Frameworks;
			sourceTree = "<group>";
		};
		DE4253B41900C50F00B8B746 /* FlickrSearch */ = {
			isa = PBXGroup;
			children = (
				DE4253BD1900C50F00B8B746 /* AppDelegate.h */,
				DE4253BE1900C50F00B8B746 /* AppDelegate.m */,
				DE4253C01900C50F00B8B746 /* Main_iPhone.storyboard */,
				DE4253C31900C50F00B8B746 /* Main_iPad.storyboard */,
				DEEB50B71900EB400020EE87 /* Flickr.h */,
				DEEB50B81900EB400020EE87 /* Flickr.m */,
				DEEB50B91900EB400020EE87 /* FlickrPhoto.h */,
				DEEB50BA1900EB400020EE87 /* FlickrPhoto.m */,
				DE4253C61900C50F00B8B746 /* ViewController.h */,
				DEB375231901ADD100E4A298 /* ViewControllerPrivate.h */,
				DE4253C71900C50F00B8B746 /* ViewController.m */,
				DE4253C91900C50F00B8B746 /* Images.xcassets */,
				DE4253B51900C50F00B8B746 /* Supporting Files */,
			);
			path = FlickrSearch;
			sourceTree = "<group>";
		};
		DE4253B51900C50F00B8B746 /* Supporting Files */ = {
			isa = PBXGroup;
			children = (
				DE4253B61900C50F00B8B746 /* FlickrSearch-Info.plist */,
				DE4253B71900C50F00B8B746 /* InfoPlist.strings */,
				DE4253BA1900C50F00B8B746 /* main.m */,
				DE4253BC1900C50F00B8B746 /* FlickrSearch-Prefix.pch */,
			);
			name = "Supporting Files";
			sourceTree = "<group>";
		};
		DE4253D61900C50F00B8B746 /* FlickrSearchTests */ = {
			isa = PBXGroup;
			children = (
				DE4253D71900C50F00B8B746 /* Supporting Files */,
				DEB375201901A92300E4A298 /* BSStoryboardViewControllerLoader.h */,
				DEB375211901A92300E4A298 /* BSStoryboardViewControllerLoader.m */,
				DEB556A61901A4C000F848E3 /* StoryboardViewControllerTests.m */,
			);
			path = FlickrSearchTests;
			sourceTree = "<group>";
		};
		DE4253D71900C50F00B8B746 /* Supporting Files */ = {
			isa = PBXGroup;
			children = (
				DE4253D81900C50F00B8B746 /* FlickrSearchTests-Info.plist */,
				DE4253D91900C50F00B8B746 /* InfoPlist.strings */,
			);
			name = "Supporting Files";
			sourceTree = "<group>";
		};
/* End PBXGroup section */

/* Begin PBXNativeTarget section */
		DE4253AA1900C50F00B8B746 /* FlickrSearch */ = {
			isa = PBXNativeTarget;
			buildConfigurationList = DE4253E01900C50F00B8B746 /* Build configuration list for PBXNativeTarget "FlickrSearch" */;
			buildPhases = (
				DE4253A71900C50F00B8B746 /* Sources */,
				DE4253A81900C50F00B8B746 /* Frameworks */,
				DE4253A91900C50F00B8B746 /* Resources */,
			);
			buildRules = (
			);
			dependencies = (
			);
			name = FlickrSearch;
			productName = FlickrSearch;
			productReference = DE4253AB1900C50F00B8B746 /* FlickrSearch.app */;
			productType = "com.apple.product-type.application";
		};
		DE4253CE1900C50F00B8B746 /* FlickrSearchTests */ = {
			isa = PBXNativeTarget;
			buildConfigurationList = DE4253E31900C50F00B8B746 /* Build configuration list for PBXNativeTarget "FlickrSearchTests" */;
			buildPhases = (
				DE4253CB1900C50F00B8B746 /* Sources */,
				DE4253CC1900C50F00B8B746 /* Frameworks */,
				DE4253CD1900C50F00B8B746 /* Resources */,
			);
			buildRules = (
			);
			dependencies = (
				DE4253D51900C50F00B8B746 /* PBXTargetDependency */,
			);
			name = FlickrSearchTests;
			productName = FlickrSearchTests;
			productReference = DE4253CF1900C50F00B8B746 /* FlickrSearchTests.xctest */;
			productType = "com.apple.product-type.bundle.unit-test";
		};
/* End PBXNativeTarget section */

/* Begin PBXProject section */
		DE4253A31900C50F00B8B746 /* Project object */ = {
			isa = PBXProject;
			attributes = {
				LastUpgradeCheck = 0510;
				ORGANIZATIONNAME = "Beepscore LLC";
				TargetAttributes = {
					DE4253CE1900C50F00B8B746 = {
						TestTargetID = DE4253AA1900C50F00B8B746;
					};
				};
			};
			buildConfigurationList = DE4253A61900C50F00B8B746 /* Build configuration list for PBXProject "FlickrSearch" */;
			compatibilityVersion = "Xcode 3.2";
			developmentRegion = English;
			hasScannedForEncodings = 0;
			knownRegions = (
				en,
				Base,
			);
			mainGroup = DE4253A21900C50F00B8B746;
			productRefGroup = DE4253AC1900C50F00B8B746 /* Products */;
			projectDirPath = "";
			projectRoot = "";
			targets = (
				DE4253AA1900C50F00B8B746 /* FlickrSearch */,
				DE4253CE1900C50F00B8B746 /* FlickrSearchTests */,
			);
		};
/* End PBXProject section */

/* Begin PBXResourcesBuildPhase section */
		DE4253A91900C50F00B8B746 /* Resources */ = {
			isa = PBXResourcesBuildPhase;
			buildActionMask = 2147483647;
			files = (
				DE4253C51900C50F00B8B746 /* Main_iPad.storyboard in Resources */,
				DE4253CA1900C50F00B8B746 /* Images.xcassets in Resources */,
				DE4253C21900C50F00B8B746 /* Main_iPhone.storyboard in Resources */,
				DE4253B91900C50F00B8B746 /* InfoPlist.strings in Resources */,
			);
			runOnlyForDeploymentPostprocessing = 0;
		};
		DE4253CD1900C50F00B8B746 /* Resources */ = {
			isa = PBXResourcesBuildPhase;
			buildActionMask = 2147483647;
			files = (
				DE4253DB1900C50F00B8B746 /* InfoPlist.strings in Resources */,
			);
			runOnlyForDeploymentPostprocessing = 0;
		};
/* End PBXResourcesBuildPhase section */

/* Begin PBXSourcesBuildPhase section */
		DE4253A71900C50F00B8B746 /* Sources */ = {
			isa = PBXSourcesBuildPhase;
			buildActionMask = 2147483647;
			files = (
				DE4253C81900C50F00B8B746 /* ViewController.m in Sources */,
				DE4253BF1900C50F00B8B746 /* AppDelegate.m in Sources */,
				DEEB50BB1900EB400020EE87 /* Flickr.m in Sources */,
				DEEB50BD1900EB400020EE87 /* FlickrPhoto.m in Sources */,
				DE4253BB1900C50F00B8B746 /* main.m in Sources */,
			);
			runOnlyForDeploymentPostprocessing = 0;
		};
		DE4253CB1900C50F00B8B746 /* Sources */ = {
			isa = PBXSourcesBuildPhase;
			buildActionMask = 2147483647;
			files = (
				DEED2C451901B78400C6264C /* ViewController.m in Sources */,
				DEB375221901A92300E4A298 /* BSStoryboardViewControllerLoader.m in Sources */,
				DEED2C461901B7BB00C6264C /* AppDelegate.m in Sources */,
				DEEB50BE1900EB400020EE87 /* FlickrPhoto.m in Sources */,
				DEB556A71901A4C000F848E3 /* StoryboardViewControllerTests.m in Sources */,
				DEEB50BC1900EB400020EE87 /* Flickr.m in Sources */,
			);
			runOnlyForDeploymentPostprocessing = 0;
		};
/* End PBXSourcesBuildPhase section */

/* Begin PBXTargetDependency section */
		DE4253D51900C50F00B8B746 /* PBXTargetDependency */ = {
			isa = PBXTargetDependency;
			target = DE4253AA1900C50F00B8B746 /* FlickrSearch */;
			targetProxy = DE4253D41900C50F00B8B746 /* PBXContainerItemProxy */;
		};
/* End PBXTargetDependency section */

/* Begin PBXVariantGroup section */
		DE4253B71900C50F00B8B746 /* InfoPlist.strings */ = {
			isa = PBXVariantGroup;
			children = (
				DE4253B81900C50F00B8B746 /* en */,
			);
			name = InfoPlist.strings;
			sourceTree = "<group>";
		};
		DE4253C01900C50F00B8B746 /* Main_iPhone.storyboard */ = {
			isa = PBXVariantGroup;
			children = (
				DE4253C11900C50F00B8B746 /* Base */,
			);
			name = Main_iPhone.storyboard;
			sourceTree = "<group>";
		};
		DE4253C31900C50F00B8B746 /* Main_iPad.storyboard */ = {
			isa = PBXVariantGroup;
			children = (
				DE4253C41900C50F00B8B746 /* Base */,
			);
			name = Main_iPad.storyboard;
			sourceTree = "<group>";
		};
		DE4253D91900C50F00B8B746 /* InfoPlist.strings */ = {
			isa = PBXVariantGroup;
			children = (
				DE4253DA1900C50F00B8B746 /* en */,
			);
			name = InfoPlist.strings;
			sourceTree = "<group>";
		};
/* End PBXVariantGroup section */

/* Begin XCBuildConfiguration section */
		DE4253DE1900C50F00B8B746 /* Debug */ = {
			isa = XCBuildConfiguration;
			buildSettings = {
				ALWAYS_SEARCH_USER_PATHS = NO;
				CLANG_CXX_LANGUAGE_STANDARD = "gnu++0x";
				CLANG_CXX_LIBRARY = "libc++";
				CLANG_ENABLE_MODULES = YES;
				CLANG_ENABLE_OBJC_ARC = YES;
				CLANG_WARN_BOOL_CONVERSION = YES;
				CLANG_WARN_CONSTANT_CONVERSION = YES;
				CLANG_WARN_DIRECT_OBJC_ISA_USAGE = YES_ERROR;
				CLANG_WARN_EMPTY_BODY = YES;
				CLANG_WARN_ENUM_CONVERSION = YES;
				CLANG_WARN_INT_CONVERSION = YES;
				CLANG_WARN_OBJC_ROOT_CLASS = YES_ERROR;
				CLANG_WARN__DUPLICATE_METHOD_MATCH = YES;
				"CODE_SIGN_IDENTITY[sdk=iphoneos*]" = "iPhone Developer";
				COPY_PHASE_STRIP = NO;
				GCC_C_LANGUAGE_STANDARD = gnu99;
				GCC_DYNAMIC_NO_PIC = NO;
				GCC_OPTIMIZATION_LEVEL = 0;
				GCC_PREPROCESSOR_DEFINITIONS = (
					"DEBUG=1",
					"$(inherited)",
				);
				GCC_SYMBOLS_PRIVATE_EXTERN = NO;
				GCC_WARN_64_TO_32_BIT_CONVERSION = YES;
				GCC_WARN_ABOUT_RETURN_TYPE = YES_ERROR;
				GCC_WARN_UNDECLARED_SELECTOR = YES;
				GCC_WARN_UNINITIALIZED_AUTOS = YES_AGGRESSIVE;
				GCC_WARN_UNUSED_FUNCTION = YES;
				GCC_WARN_UNUSED_VARIABLE = YES;
				IPHONEOS_DEPLOYMENT_TARGET = 7.1;
				ONLY_ACTIVE_ARCH = YES;
				SDKROOT = iphoneos;
				TARGETED_DEVICE_FAMILY = "1,2";
			};
			name = Debug;
		};
		DE4253DF1900C50F00B8B746 /* Release */ = {
			isa = XCBuildConfiguration;
			buildSettings = {
				ALWAYS_SEARCH_USER_PATHS = NO;
				CLANG_CXX_LANGUAGE_STANDARD = "gnu++0x";
				CLANG_CXX_LIBRARY = "libc++";
				CLANG_ENABLE_MODULES = YES;
				CLANG_ENABLE_OBJC_ARC = YES;
				CLANG_WARN_BOOL_CONVERSION = YES;
				CLANG_WARN_CONSTANT_CONVERSION = YES;
				CLANG_WARN_DIRECT_OBJC_ISA_USAGE = YES_ERROR;
				CLANG_WARN_EMPTY_BODY = YES;
				CLANG_WARN_ENUM_CONVERSION = YES;
				CLANG_WARN_INT_CONVERSION = YES;
				CLANG_WARN_OBJC_ROOT_CLASS = YES_ERROR;
				CLANG_WARN__DUPLICATE_METHOD_MATCH = YES;
				"CODE_SIGN_IDENTITY[sdk=iphoneos*]" = "iPhone Developer";
				COPY_PHASE_STRIP = YES;
				ENABLE_NS_ASSERTIONS = NO;
				GCC_C_LANGUAGE_STANDARD = gnu99;
				GCC_WARN_64_TO_32_BIT_CONVERSION = YES;
				GCC_WARN_ABOUT_RETURN_TYPE = YES_ERROR;
				GCC_WARN_UNDECLARED_SELECTOR = YES;
				GCC_WARN_UNINITIALIZED_AUTOS = YES_AGGRESSIVE;
				GCC_WARN_UNUSED_FUNCTION = YES;
				GCC_WARN_UNUSED_VARIABLE = YES;
				IPHONEOS_DEPLOYMENT_TARGET = 7.1;
				SDKROOT = iphoneos;
				TARGETED_DEVICE_FAMILY = "1,2";
				VALIDATE_PRODUCT = YES;
			};
			name = Release;
		};
		DE4253E11900C50F00B8B746 /* Debug */ = {
			isa = XCBuildConfiguration;
			buildSettings = {
				ASSETCATALOG_COMPILER_APPICON_NAME = AppIcon;
				ASSETCATALOG_COMPILER_LAUNCHIMAGE_NAME = LaunchImage;
				GCC_PRECOMPILE_PREFIX_HEADER = YES;
				GCC_PREFIX_HEADER = "FlickrSearch/FlickrSearch-Prefix.pch";
				INFOPLIST_FILE = "FlickrSearch/FlickrSearch-Info.plist";
				PRODUCT_NAME = "$(TARGET_NAME)";
				WRAPPER_EXTENSION = app;
			};
			name = Debug;
		};
		DE4253E21900C50F00B8B746 /* Release */ = {
			isa = XCBuildConfiguration;
			buildSettings = {
				ASSETCATALOG_COMPILER_APPICON_NAME = AppIcon;
				ASSETCATALOG_COMPILER_LAUNCHIMAGE_NAME = LaunchImage;
				GCC_PRECOMPILE_PREFIX_HEADER = YES;
				GCC_PREFIX_HEADER = "FlickrSearch/FlickrSearch-Prefix.pch";
				INFOPLIST_FILE = "FlickrSearch/FlickrSearch-Info.plist";
				PRODUCT_NAME = "$(TARGET_NAME)";
				WRAPPER_EXTENSION = app;
			};
			name = Release;
		};
		DE4253E41900C50F00B8B746 /* Debug */ = {
			isa = XCBuildConfiguration;
			buildSettings = {
				BUNDLE_LOADER = "$(BUILT_PRODUCTS_DIR)/FlickrSearch.app/FlickrSearch";
				FRAMEWORK_SEARCH_PATHS = (
					"$(SDKROOT)/Developer/Library/Frameworks",
					"$(inherited)",
					"$(DEVELOPER_FRAMEWORKS_DIR)",
				);
				GCC_PRECOMPILE_PREFIX_HEADER = YES;
				GCC_PREFIX_HEADER = "FlickrSearch/FlickrSearch-Prefix.pch";
				GCC_PREPROCESSOR_DEFINITIONS = (
					"DEBUG=1",
					"$(inherited)",
				);
				INFOPLIST_FILE = "FlickrSearchTests/FlickrSearchTests-Info.plist";
				PRODUCT_NAME = "$(TARGET_NAME)";
				TEST_HOST = "$(BUNDLE_LOADER)";
				WRAPPER_EXTENSION = xctest;
			};
			name = Debug;
		};
		DE4253E51900C50F00B8B746 /* Release */ = {
			isa = XCBuildConfiguration;
			buildSettings = {
				BUNDLE_LOADER = "$(BUILT_PRODUCTS_DIR)/FlickrSearch.app/FlickrSearch";
				FRAMEWORK_SEARCH_PATHS = (
					"$(SDKROOT)/Developer/Library/Frameworks",
					"$(inherited)",
					"$(DEVELOPER_FRAMEWORKS_DIR)",
				);
				GCC_PRECOMPILE_PREFIX_HEADER = YES;
				GCC_PREFIX_HEADER = "FlickrSearch/FlickrSearch-Prefix.pch";
				INFOPLIST_FILE = "FlickrSearchTests/FlickrSearchTests-Info.plist";
				PRODUCT_NAME = "$(TARGET_NAME)";
				TEST_HOST = "$(BUNDLE_LOADER)";
				WRAPPER_EXTENSION = xctest;
			};
			name = Release;
		};
/* End XCBuildConfiguration section */

/* Begin XCConfigurationList section */
		DE4253A61900C50F00B8B746 /* Build configuration list for PBXProject "FlickrSearch" */ = {
			isa = XCConfigurationList;
			buildConfigurations = (
				DE4253DE1900C50F00B8B746 /* Debug */,
				DE4253DF1900C50F00B8B746 /* Release */,
			);
			defaultConfigurationIsVisible = 0;
			defaultConfigurationName = Release;
		};
		DE4253E01900C50F00B8B746 /* Build configuration list for PBXNativeTarget "FlickrSearch" */ = {
			isa = XCConfigurationList;
			buildConfigurations = (
				DE4253E11900C50F00B8B746 /* Debug */,
				DE4253E21900C50F00B8B746 /* Release */,
			);
			defaultConfigurationIsVisible = 0;
			defaultConfigurationName = Release;
		};
		DE4253E31900C50F00B8B746 /* Build configuration list for PBXNativeTarget "FlickrSearchTests" */ = {
			isa = XCConfigurationList;
			buildConfigurations = (
				DE4253E41900C50F00B8B746 /* Debug */,
				DE4253E51900C50F00B8B746 /* Release */,
			);
			defaultConfigurationIsVisible = 0;
			defaultConfigurationName = Release;
		};
/* End XCConfigurationList section */
	};
	rootObject = DE4253A31900C50F00B8B746 /* Project object */;
}
